{
  "name": "@chr33s/pdf-apps-bun",
  "lockfileVersion": 3,
  "requires": true,
  "packages": {
    "": {
      "name": "@chr33s/pdf-apps-bun",
      "dependencies": {
        "@chr33s/pdf": "../../packages/pdf",
        "@chr33s/pdf-fontkit": "../../packages/fontkit"
      },
      "devDependencies": {
        "@types/bun": "1.3.14"
      }
    },
    "../../packages/fontkit": {
      "name": "@chr33s/pdf-fontkit",
      "version": "5.0.11",
      "license": "MIT",
      "dependencies": {
        "@chr33s/pdf-common": "5.0.11",
        "@chr33s/pdf-dfa": "5.0.11",
        "@chr33s/pdf-restructure": "5.0.11",
        "@chr33s/pdf-unicode-properties": "5.0.11",
        "@chr33s/pdf-unicode-trie": "5.0.11",
        "clone": "2.1.2",
        "deep-equal": "2.2.3"
      },
      "devDependencies": {
        "@chr33s/pdf-codepoints": "5.0.11",
        "@types/clone": "2.1.4",
        "@types/deep-equal": "1.0.4",
        "@types/node": "26.2.0",
        "@vitest/coverage-v8": "4.1.10",
        "tsdown": "0.22.14",
        "typescript": "7.0.2",
        "unenv": "2.0.0-rc.24",
        "vitest": "4.1.10"
      }
    },
    "../../packages/pdf": {
      "name": "@chr33s/pdf",
      "version": "5.0.11",
      "license": "MIT",
      "dependencies": {
        "@chr33s/pdf-common": "5.0.11",
        "@chr33s/pdf-standard-fonts": "5.0.11",
        "@chr33s/pdf-upng": "5.0.11",
        "color": "5.0.3",
        "node-html-better-parser": "1.5.9"
      },
      "devDependencies": {
        "@chr33s/pdf-fontkit": "5.0.11",
        "@vitest/coverage-v8": "4.1.10",
        "flamebearer": "2.1.0",
        "tsdown": "0.22.14",
        "typescript": "7.0.2",
        "unenv": "2.0.0-rc.24",
        "vitest": "4.1.10"
      }
    },
    "node_modules/@chr33s/pdf": {
      "resolved": "../../packages/pdf",
      "link": true
    },
    "node_modules/@chr33s/pdf-fontkit": {
      "resolved": "../../packages/fontkit",
      "link": true
    },
    "node_modules/@types/bun": {
      "version": "1.3.14",
      "resolved": "https://registry.npmjs.org/@types/bun/-/bun-1.3.14.tgz",
      "integrity": "sha512-h1hFqFVcvAvD9j9K7ZW7vd82aSA+rTdznZa+5bwvCwqSB1jmmfLcbIWhOLx1/+boy/xmjgCs/OMUL8hRJSmnPw==",
      "dev": true,
      "license": "MIT",
      "dependencies": {
        "bun-types": "1.3.14"
      }
    },
    "node_modules/@types/node": {
      "version": "26.2.0",
      "resolved": "https://registry.npmjs.org/@types/node/-/node-26.2.0.tgz",
      "integrity": "sha512-5IviulTZeRNp2vAJ514cc/HUlY5nZ9fCbq9DMyC52BrhFZACo3nI0R7qBxhQmo/d27NFe96ur/b7Wwxklda+kg==",
      "dev": true,
      "license": "MIT",
      "dependencies": {
        "undici-types": "~8.3.0"
      }
    },
    "node_modules/bun-types": {
      "version": "1.3.14",
      "resolved": "https://registry.npmjs.org/bun-types/-/bun-types-1.3.14.tgz",
      "integrity": "sha512-4N0ig0fEomHt5R0KCFWjovxow98rIoRwKolrYdCcknNwMekCXRnWEUvgu5soYV8QXtVsrUD8B95MBOZGPvr6KQ==",
      "dev": true,
      "license": "MIT",
      "dependencies": {
        "@types/node": "*"
      }
    },
    "node_modules/undici-types": {
      "version": "8.3.0",
      "resolved": "https://registry.npmjs.org/undici-types/-/undici-types-8.3.0.tgz",
      "integrity": "sha512-j375ScV60dom+YkPFIfTLcOiPxkN/buHz5GobjLhixFuANaNs3C9l4GmrWqejgXWJ7BbJcFYpTEUkS1Ge8bpZQ==",
      "dev": true,
      "license": "MIT"
    }
  }
}
